
Microsoft Visual Studio Solution File, Format Version 12.00
# Visual Studio Version 17
VisualStudioVersion = 17.14.36212.18 d17.14
MinimumVisualStudioVersion = 10.0.40219.1
Project("{FAE04EC0-301F-11D3-BF4B-00C04F79EFBC}") = "CPKMD", "CPKMD\CPKMD.csproj", "{CF35D0A3-738F-4FDC-8247-F7264076836B}"
EndProject
Global
	GlobalSection(SolutionConfigurationPlatforms) = preSolution
		Debug|Any CPU = Debug|Any CPU
		Release|Any CPU = Release|Any CPU
	EndGlobalSection
	GlobalSection(ProjectConfigurationPlatforms) = postSolution
		{CF35D0A3-738F-4FDC-8247-F7264076836B}.Debug|Any CPU.ActiveCfg = Debug|Any CPU
		{CF35D0A3-738F-4FDC-8247-F7264076836B}.Debug|Any CPU.Build.0 = Debug|Any CPU
		{CF35D0A3-738F-4FDC-8247-F7264076836B}.Release|Any CPU.ActiveCfg = Release|Any CPU
		{CF35D0A3-738F-4FDC-8247-F7264076836B}.Release|Any CPU.Build.0 = Release|Any CPU
	EndGlobalSection
	GlobalSection(SolutionProperties) = preSolution
		HideSolutionNode = FALSE
	EndGlobalSection
	GlobalSection(ExtensibilityGlobals) = postSolution
		SolutionGuid = {76C7D659-2312-4AB9-9A33-4027097872BC}
	EndGlobalSection
EndGlobal
